
Microsoft Visual Studio Solution File, Format Version 12.00
# Visual Studio Version 17
VisualStudioVersion = 17.14.36414.22 d17.14
MinimumVisualStudioVersion = 10.0.40219.1
Project("{FAE04EC0-301F-11D3-BF4B-00C04F79EFBC}") = "VehicleApi", "VehicleApi\VehicleApi.csproj", "{992DF070-774E-4524-8115-9B4737EABE28}"
EndProject
Project("{FAE04EC0-301F-11D3-BF4B-00C04F79EFBC}") = "CustomersApi", "CustomersApi\CustomersApi.csproj", "{9A7EE73D-C4F4-4E38-B792-6E129A4107DE}"
EndProject
Project("{FAE04EC0-301F-11D3-BF4B-00C04F79EFBC}") = "ReservationsApi", "ReservationsApi\ReservationsApi.csproj", "{6AAAB4C4-5114-47E0-A683-4C190932279C}"
EndProject
Global
	GlobalSection(SolutionConfigurationPlatforms) = preSolution
		Debug|Any CPU = Debug|Any CPU
		Release|Any CPU = Release|Any CPU
	EndGlobalSection
	GlobalSection(ProjectConfigurationPlatforms) = postSolution
		{992DF070-774E-4524-8115-9B4737EABE28}.Debug|Any CPU.ActiveCfg = Debug|Any CPU
		{992DF070-774E-4524-8115-9B4737EABE28}.Debug|Any CPU.Build.0 = Debug|Any CPU
		{992DF070-774E-4524-8115-9B4737EABE28}.Release|Any CPU.ActiveCfg = Release|Any CPU
		{992DF070-774E-4524-8115-9B4737EABE28}.Release|Any CPU.Build.0 = Release|Any CPU
		{9A7EE73D-C4F4-4E38-B792-6E129A4107DE}.Debug|Any CPU.ActiveCfg = Debug|Any CPU
		{9A7EE73D-C4F4-4E38-B792-6E129A4107DE}.Debug|Any CPU.Build.0 = Debug|Any CPU
		{9A7EE73D-C4F4-4E38-B792-6E129A4107DE}.Release|Any CPU.ActiveCfg = Release|Any CPU
		{9A7EE73D-C4F4-4E38-B792-6E129A4107DE}.Release|Any CPU.Build.0 = Release|Any CPU
		{6AAAB4C4-5114-47E0-A683-4C190932279C}.Debug|Any CPU.ActiveCfg = Debug|Any CPU
		{6AAAB4C4-5114-47E0-A683-4C190932279C}.Debug|Any CPU.Build.0 = Debug|Any CPU
		{6AAAB4C4-5114-47E0-A683-4C190932279C}.Release|Any CPU.ActiveCfg = Release|Any CPU
		{6AAAB4C4-5114-47E0-A683-4C190932279C}.Release|Any CPU.Build.0 = Release|Any CPU
	EndGlobalSection
	GlobalSection(SolutionProperties) = preSolution
		HideSolutionNode = FALSE
	EndGlobalSection
	GlobalSection(ExtensibilityGlobals) = postSolution
		SolutionGuid = {BB8E3E10-AF4B-4144-A62E-88259E70C4B5}
	EndGlobalSection
EndGlobal
